
Microsoft Visual Studio Solution File, Format Version 12.00
# Visual Studio 2013
VisualStudioVersion = 12.0.30501.0
MinimumVisualStudioVersion = 10.0.40219.1
Project("{FAE04EC0-301F-11D3-BF4B-00C04F79EFBC}") = "DeltoneCRM", "DeltoneCRM\DeltoneCRM.csproj", "{AA6291FF-5A95-418F-A335-418C6AC8D499}"
EndProject
Project("{2150E333-8FDC-42A3-9474-1A3956D46DE8}") = ".nuget", ".nuget", "{1305BF2F-EAE0-4AEA-AE5F-8428FFC1DD08}"
	ProjectSection(SolutionItems) = preProject
		.nuget\packages.config = .nuget\packages.config
	EndProjectSection
EndProject
Project("{FAE04EC0-301F-11D3-BF4B-00C04F79EFBC}") = "DeltoneCRM-DAL", "DeltoneCRM-DAL\DeltoneCRM-DAL.csproj", "{9E046543-1114-4BDE-BDB6-200E548567C7}"
EndProject
Project("{FAE04EC0-301F-11D3-BF4B-00C04F79EFBC}") = "Deltonecrm_UnitTest", "Deltonecrm_UnitTest\Deltonecrm_UnitTest.csproj", "{2B8F6AAA-083B-4C7C-B02A-673A70E5698B}"
EndProject
Project("{FAE04EC0-301F-11D3-BF4B-00C04F79EFBC}") = "DeltoneEmailWindowsService", "DeltoneEmailWindowsService\DeltoneEmailWindowsService.csproj", "{FFA46C7B-DF71-48F6-AF52-EC9E9C94D0EB}"
EndProject
Project("{6141683F-8A12-4E36-9623-2EB02B2C2303}") = "DeltoneEmailSenderMessage", "DeltoneEmailSenderMessage\DeltoneEmailSenderMessage.isproj", "{181D1659-E57F-4746-A25A-6B493561CE35}"
	ProjectSection(ProjectDependencies) = postProject
		{FFA46C7B-DF71-48F6-AF52-EC9E9C94D0EB} = {FFA46C7B-DF71-48F6-AF52-EC9E9C94D0EB}
	EndProjectSection
EndProject
Project("{FAE04EC0-301F-11D3-BF4B-00C04F79EFBC}") = "TaskSchedulerAccountMove", "TaskSchedulerAccountMove\TaskSchedulerAccountMove.csproj", "{81F55EE4-A0C4-4295-92D0-9052783DAA42}"
EndProject
Global
	GlobalSection(SolutionConfigurationPlatforms) = preSolution
		CD_ROM|Any CPU = CD_ROM|Any CPU
		CD_ROM|Mixed Platforms = CD_ROM|Mixed Platforms
		CD_ROM|x86 = CD_ROM|x86
		Debug|Any CPU = Debug|Any CPU
		Debug|Mixed Platforms = Debug|Mixed Platforms
		Debug|x86 = Debug|x86
		DVD-5|Any CPU = DVD-5|Any CPU
		DVD-5|Mixed Platforms = DVD-5|Mixed Platforms
		DVD-5|x86 = DVD-5|x86
		Release|Any CPU = Release|Any CPU
		Release|Mixed Platforms = Release|Mixed Platforms
		Release|x86 = Release|x86
		SingleImage|Any CPU = SingleImage|Any CPU
		SingleImage|Mixed Platforms = SingleImage|Mixed Platforms
		SingleImage|x86 = SingleImage|x86
	EndGlobalSection
	GlobalSection(ProjectConfigurationPlatforms) = postSolution
		{AA6291FF-5A95-418F-A335-418C6AC8D499}.CD_ROM|Any CPU.ActiveCfg = Release|Any CPU
		{AA6291FF-5A95-418F-A335-418C6AC8D499}.CD_ROM|Any CPU.Build.0 = Release|Any CPU
		{AA6291FF-5A95-418F-A335-418C6AC8D499}.CD_ROM|Mixed Platforms.ActiveCfg = Release|x86
		{AA6291FF-5A95-418F-A335-418C6AC8D499}.CD_ROM|Mixed Platforms.Build.0 = Release|x86
		{AA6291FF-5A95-418F-A335-418C6AC8D499}.CD_ROM|x86.ActiveCfg = Release|x86
		{AA6291FF-5A95-418F-A335-418C6AC8D499}.CD_ROM|x86.Build.0 = Release|x86
		{AA6291FF-5A95-418F-A335-418C6AC8D499}.Debug|Any CPU.ActiveCfg = Debug|Any CPU
		{AA6291FF-5A95-418F-A335-418C6AC8D499}.Debug|Any CPU.Build.0 = Debug|Any CPU
		{AA6291FF-5A95-418F-A335-418C6AC8D499}.Debug|Mixed Platforms.ActiveCfg = Debug|x86
		{AA6291FF-5A95-418F-A335-418C6AC8D499}.Debug|Mixed Platforms.Build.0 = Debug|x86
		{AA6291FF-5A95-418F-A335-418C6AC8D499}.Debug|x86.ActiveCfg = Debug|x86
		{AA6291FF-5A95-418F-A335-418C6AC8D499}.Debug|x86.Build.0 = Debug|x86
		{AA6291FF-5A95-418F-A335-418C6AC8D499}.DVD-5|Any CPU.ActiveCfg = Debug|Any CPU
		{AA6291FF-5A95-418F-A335-418C6AC8D499}.DVD-5|Any CPU.Build.0 = Debug|Any CPU
		{AA6291FF-5A95-418F-A335-418C6AC8D499}.DVD-5|Mixed Platforms.ActiveCfg = Debug|x86
		{AA6291FF-5A95-418F-A335-418C6AC8D499}.DVD-5|Mixed Platforms.Build.0 = Debug|x86
		{AA6291FF-5A95-418F-A335-418C6AC8D499}.DVD-5|x86.ActiveCfg = Debug|x86
		{AA6291FF-5A95-418F-A335-418C6AC8D499}.DVD-5|x86.Build.0 = Debug|x86
		{AA6291FF-5A95-418F-A335-418C6AC8D499}.Release|Any CPU.ActiveCfg = Release|Any CPU
		{AA6291FF-5A95-418F-A335-418C6AC8D499}.Release|Any CPU.Build.0 = Release|Any CPU
		{AA6291FF-5A95-418F-A335-418C6AC8D499}.Release|Mixed Platforms.ActiveCfg = Release|x86
		{AA6291FF-5A95-418F-A335-418C6AC8D499}.Release|Mixed Platforms.Build.0 = Release|x86
		{AA6291FF-5A95-418F-A335-418C6AC8D499}.Release|x86.ActiveCfg = Release|x86
		{AA6291FF-5A95-418F-A335-418C6AC8D499}.Release|x86.Build.0 = Release|x86
		{AA6291FF-5A95-418F-A335-418C6AC8D499}.SingleImage|Any CPU.ActiveCfg = Release|Any CPU
		{AA6291FF-5A95-418F-A335-418C6AC8D499}.SingleImage|Any CPU.Build.0 = Release|Any CPU
		{AA6291FF-5A95-418F-A335-418C6AC8D499}.SingleImage|Mixed Platforms.ActiveCfg = Release|x86
		{AA6291FF-5A95-418F-A335-418C6AC8D499}.SingleImage|Mixed Platforms.Build.0 = Release|x86
		{AA6291FF-5A95-418F-A335-418C6AC8D499}.SingleImage|x86.ActiveCfg = Release|x86
		{AA6291FF-5A95-418F-A335-418C6AC8D499}.SingleImage|x86.Build.0 = Release|x86
		{9E046543-1114-4BDE-BDB6-200E548567C7}.CD_ROM|Any CPU.ActiveCfg = Release|Any CPU
		{9E046543-1114-4BDE-BDB6-200E548567C7}.CD_ROM|Any CPU.Build.0 = Release|Any CPU
		{9E046543-1114-4BDE-BDB6-200E548567C7}.CD_ROM|Mixed Platforms.ActiveCfg = Release|Any CPU
		{9E046543-1114-4BDE-BDB6-200E548567C7}.CD_ROM|Mixed Platforms.Build.0 = Release|Any CPU
		{9E046543-1114-4BDE-BDB6-200E548567C7}.CD_ROM|x86.ActiveCfg = Release|Any CPU
		{9E046543-1114-4BDE-BDB6-200E548567C7}.Debug|Any CPU.ActiveCfg = Debug|Any CPU
		{9E046543-1114-4BDE-BDB6-200E548567C7}.Debug|Any CPU.Build.0 = Debug|Any CPU
		{9E046543-1114-4BDE-BDB6-200E548567C7}.Debug|Mixed Platforms.ActiveCfg = Debug|Any CPU
		{9E046543-1114-4BDE-BDB6-200E548567C7}.Debug|Mixed Platforms.Build.0 = Debug|Any CPU
		{9E046543-1114-4BDE-BDB6-200E548567C7}.Debug|x86.ActiveCfg = Debug|Any CPU
		{9E046543-1114-4BDE-BDB6-200E548567C7}.DVD-5|Any CPU.ActiveCfg = Debug|Any CPU
		{9E046543-1114-4BDE-BDB6-200E548567C7}.DVD-5|Any CPU.Build.0 = Debug|Any CPU
		{9E046543-1114-4BDE-BDB6-200E548567C7}.DVD-5|Mixed Platforms.ActiveCfg = Debug|Any CPU
		{9E046543-1114-4BDE-BDB6-200E548567C7}.DVD-5|Mixed Platforms.Build.0 = Debug|Any CPU
		{9E046543-1114-4BDE-BDB6-200E548567C7}.DVD-5|x86.ActiveCfg = Debug|Any CPU
		{9E046543-1114-4BDE-BDB6-200E548567C7}.Release|Any CPU.ActiveCfg = Release|Any CPU
		{9E046543-1114-4BDE-BDB6-200E548567C7}.Release|Any CPU.Build.0 = Release|Any CPU
		{9E046543-1114-4BDE-BDB6-200E548567C7}.Release|Mixed Platforms.ActiveCfg = Release|Any CPU
		{9E046543-1114-4BDE-BDB6-200E548567C7}.Release|Mixed Platforms.Build.0 = Release|Any CPU
		{9E046543-1114-4BDE-BDB6-200E548567C7}.Release|x86.ActiveCfg = Release|Any CPU
		{9E046543-1114-4BDE-BDB6-200E548567C7}.SingleImage|Any CPU.ActiveCfg = Release|Any CPU
		{9E046543-1114-4BDE-BDB6-200E548567C7}.SingleImage|Any CPU.Build.0 = Release|Any CPU
		{9E046543-1114-4BDE-BDB6-200E548567C7}.SingleImage|Mixed Platforms.ActiveCfg = Release|Any CPU
		{9E046543-1114-4BDE-BDB6-200E548567C7}.SingleImage|Mixed Platforms.Build.0 = Release|Any CPU
		{9E046543-1114-4BDE-BDB6-200E548567C7}.SingleImage|x86.ActiveCfg = Release|Any CPU
		{2B8F6AAA-083B-4C7C-B02A-673A70E5698B}.CD_ROM|Any CPU.ActiveCfg = Release|Any CPU
		{2B8F6AAA-083B-4C7C-B02A-673A70E5698B}.CD_ROM|Any CPU.Build.0 = Release|Any CPU
		{2B8F6AAA-083B-4C7C-B02A-673A70E5698B}.CD_ROM|Mixed Platforms.ActiveCfg = Release|Any CPU
		{2B8F6AAA-083B-4C7C-B02A-673A70E5698B}.CD_ROM|Mixed Platforms.Build.0 = Release|Any CPU
		{2B8F6AAA-083B-4C7C-B02A-673A70E5698B}.CD_ROM|x86.ActiveCfg = Release|Any CPU
		{2B8F6AAA-083B-4C7C-B02A-673A70E5698B}.Debug|Any CPU.ActiveCfg = Debug|Any CPU
		{2B8F6AAA-083B-4C7C-B02A-673A70E5698B}.Debug|Any CPU.Build.0 = Debug|Any CPU
		{2B8F6AAA-083B-4C7C-B02A-673A70E5698B}.Debug|Mixed Platforms.ActiveCfg = Debug|Any CPU
		{2B8F6AAA-083B-4C7C-B02A-673A70E5698B}.Debug|Mixed Platforms.Build.0 = Debug|Any CPU
		{2B8F6AAA-083B-4C7C-B02A-673A70E5698B}.Debug|x86.ActiveCfg = Debug|Any CPU
		{2B8F6AAA-083B-4C7C-B02A-673A70E5698B}.DVD-5|Any CPU.ActiveCfg = Debug|Any CPU
		{2B8F6AAA-083B-4C7C-B02A-673A70E5698B}.DVD-5|Any CPU.Build.0 = Debug|Any CPU
		{2B8F6AAA-083B-4C7C-B02A-673A70E5698B}.DVD-5|Mixed Platforms.ActiveCfg = Debug|Any CPU
		{2B8F6AAA-083B-4C7C-B02A-673A70E5698B}.DVD-5|Mixed Platforms.Build.0 = Debug|Any CPU
		{2B8F6AAA-083B-4C7C-B02A-673A70E5698B}.DVD-5|x86.ActiveCfg = Debug|Any CPU
		{2B8F6AAA-083B-4C7C-B02A-673A70E5698B}.Release|Any CPU.ActiveCfg = Release|Any CPU
		{2B8F6AAA-083B-4C7C-B02A-673A70E5698B}.Release|Any CPU.Build.0 = Release|Any CPU
		{2B8F6AAA-083B-4C7C-B02A-673A70E5698B}.Release|Mixed Platforms.ActiveCfg = Release|Any CPU
		{2B8F6AAA-083B-4C7C-B02A-673A70E5698B}.Release|Mixed Platforms.Build.0 = Release|Any CPU
		{2B8F6AAA-083B-4C7C-B02A-673A70E5698B}.Release|x86.ActiveCfg = Release|Any CPU
		{2B8F6AAA-083B-4C7C-B02A-673A70E5698B}.SingleImage|Any CPU.ActiveCfg = Release|Any CPU
		{2B8F6AAA-083B-4C7C-B02A-673A70E5698B}.SingleImage|Any CPU.Build.0 = Release|Any CPU
		{2B8F6AAA-083B-4C7C-B02A-673A70E5698B}.SingleImage|Mixed Platforms.ActiveCfg = Release|Any CPU
		{2B8F6AAA-083B-4C7C-B02A-673A70E5698B}.SingleImage|Mixed Platforms.Build.0 = Release|Any CPU
		{2B8F6AAA-083B-4C7C-B02A-673A70E5698B}.SingleImage|x86.ActiveCfg = Release|Any CPU
		{FFA46C7B-DF71-48F6-AF52-EC9E9C94D0EB}.CD_ROM|Any CPU.ActiveCfg = Release|Any CPU
		{FFA46C7B-DF71-48F6-AF52-EC9E9C94D0EB}.CD_ROM|Any CPU.Build.0 = Release|Any CPU
		{FFA46C7B-DF71-48F6-AF52-EC9E9C94D0EB}.CD_ROM|Mixed Platforms.ActiveCfg = Release|Any CPU
		{FFA46C7B-DF71-48F6-AF52-EC9E9C94D0EB}.CD_ROM|Mixed Platforms.Build.0 = Release|Any CPU
		{FFA46C7B-DF71-48F6-AF52-EC9E9C94D0EB}.CD_ROM|x86.ActiveCfg = Release|Any CPU
		{FFA46C7B-DF71-48F6-AF52-EC9E9C94D0EB}.Debug|Any CPU.ActiveCfg = Debug|Any CPU
		{FFA46C7B-DF71-48F6-AF52-EC9E9C94D0EB}.Debug|Any CPU.Build.0 = Debug|Any CPU
		{FFA46C7B-DF71-48F6-AF52-EC9E9C94D0EB}.Debug|Mixed Platforms.ActiveCfg = Debug|Any CPU
		{FFA46C7B-DF71-48F6-AF52-EC9E9C94D0EB}.Debug|Mixed Platforms.Build.0 = Debug|Any CPU
		{FFA46C7B-DF71-48F6-AF52-EC9E9C94D0EB}.Debug|x86.ActiveCfg = Debug|Any CPU
		{FFA46C7B-DF71-48F6-AF52-EC9E9C94D0EB}.DVD-5|Any CPU.ActiveCfg = Debug|Any CPU
		{FFA46C7B-DF71-48F6-AF52-EC9E9C94D0EB}.DVD-5|Any CPU.Build.0 = Debug|Any CPU
		{FFA46C7B-DF71-48F6-AF52-EC9E9C94D0EB}.DVD-5|Mixed Platforms.ActiveCfg = Debug|Any CPU
		{FFA46C7B-DF71-48F6-AF52-EC9E9C94D0EB}.DVD-5|Mixed Platforms.Build.0 = Debug|Any CPU
		{FFA46C7B-DF71-48F6-AF52-EC9E9C94D0EB}.DVD-5|x86.ActiveCfg = Debug|Any CPU
		{FFA46C7B-DF71-48F6-AF52-EC9E9C94D0EB}.Release|Any CPU.ActiveCfg = Release|Any CPU
		{FFA46C7B-DF71-48F6-AF52-EC9E9C94D0EB}.Release|Any CPU.Build.0 = Release|Any CPU
		{FFA46C7B-DF71-48F6-AF52-EC9E9C94D0EB}.Release|Mixed Platforms.ActiveCfg = Release|Any CPU
		{FFA46C7B-DF71-48F6-AF52-EC9E9C94D0EB}.Release|Mixed Platforms.Build.0 = Release|Any CPU
		{FFA46C7B-DF71-48F6-AF52-EC9E9C94D0EB}.Release|x86.ActiveCfg = Release|Any CPU
		{FFA46C7B-DF71-48F6-AF52-EC9E9C94D0EB}.SingleImage|Any CPU.ActiveCfg = Release|Any CPU
		{FFA46C7B-DF71-48F6-AF52-EC9E9C94D0EB}.SingleImage|Any CPU.Build.0 = Release|Any CPU
		{FFA46C7B-DF71-48F6-AF52-EC9E9C94D0EB}.SingleImage|Mixed Platforms.ActiveCfg = Release|Any CPU
		{FFA46C7B-DF71-48F6-AF52-EC9E9C94D0EB}.SingleImage|Mixed Platforms.Build.0 = Release|Any CPU
		{FFA46C7B-DF71-48F6-AF52-EC9E9C94D0EB}.SingleImage|x86.ActiveCfg = Release|Any CPU
		{181D1659-E57F-4746-A25A-6B493561CE35}.CD_ROM|Any CPU.ActiveCfg = CD_ROM
		{181D1659-E57F-4746-A25A-6B493561CE35}.CD_ROM|Any CPU.Build.0 = CD_ROM
		{181D1659-E57F-4746-A25A-6B493561CE35}.CD_ROM|Mixed Platforms.ActiveCfg = CD_ROM
		{181D1659-E57F-4746-A25A-6B493561CE35}.CD_ROM|Mixed Platforms.Build.0 = CD_ROM
		{181D1659-E57F-4746-A25A-6B493561CE35}.CD_ROM|x86.ActiveCfg = CD_ROM
		{181D1659-E57F-4746-A25A-6B493561CE35}.CD_ROM|x86.Build.0 = CD_ROM
		{181D1659-E57F-4746-A25A-6B493561CE35}.Debug|Any CPU.ActiveCfg = DVD-5
		{181D1659-E57F-4746-A25A-6B493561CE35}.Debug|Any CPU.Build.0 = DVD-5
		{181D1659-E57F-4746-A25A-6B493561CE35}.Debug|Mixed Platforms.ActiveCfg = SingleImage
		{181D1659-E57F-4746-A25A-6B493561CE35}.Debug|Mixed Platforms.Build.0 = SingleImage
		{181D1659-E57F-4746-A25A-6B493561CE35}.Debug|x86.ActiveCfg = DVD-5
		{181D1659-E57F-4746-A25A-6B493561CE35}.Debug|x86.Build.0 = DVD-5
		{181D1659-E57F-4746-A25A-6B493561CE35}.DVD-5|Any CPU.ActiveCfg = DVD-5
		{181D1659-E57F-4746-A25A-6B493561CE35}.DVD-5|Any CPU.Build.0 = DVD-5
		{181D1659-E57F-4746-A25A-6B493561CE35}.DVD-5|Mixed Platforms.ActiveCfg = DVD-5
		{181D1659-E57F-4746-A25A-6B493561CE35}.DVD-5|Mixed Platforms.Build.0 = DVD-5
		{181D1659-E57F-4746-A25A-6B493561CE35}.DVD-5|x86.ActiveCfg = DVD-5
		{181D1659-E57F-4746-A25A-6B493561CE35}.DVD-5|x86.Build.0 = DVD-5
		{181D1659-E57F-4746-A25A-6B493561CE35}.Release|Any CPU.ActiveCfg = SingleImage
		{181D1659-E57F-4746-A25A-6B493561CE35}.Release|Any CPU.Build.0 = SingleImage
		{181D1659-E57F-4746-A25A-6B493561CE35}.Release|Mixed Platforms.ActiveCfg = SingleImage
		{181D1659-E57F-4746-A25A-6B493561CE35}.Release|Mixed Platforms.Build.0 = SingleImage
		{181D1659-E57F-4746-A25A-6B493561CE35}.Release|x86.ActiveCfg = SingleImage
		{181D1659-E57F-4746-A25A-6B493561CE35}.Release|x86.Build.0 = SingleImage
		{181D1659-E57F-4746-A25A-6B493561CE35}.SingleImage|Any CPU.ActiveCfg = SingleImage
		{181D1659-E57F-4746-A25A-6B493561CE35}.SingleImage|Any CPU.Build.0 = SingleImage
		{181D1659-E57F-4746-A25A-6B493561CE35}.SingleImage|Mixed Platforms.ActiveCfg = SingleImage
		{181D1659-E57F-4746-A25A-6B493561CE35}.SingleImage|Mixed Platforms.Build.0 = SingleImage
		{181D1659-E57F-4746-A25A-6B493561CE35}.SingleImage|x86.ActiveCfg = SingleImage
		{181D1659-E57F-4746-A25A-6B493561CE35}.SingleImage|x86.Build.0 = SingleImage
		{81F55EE4-A0C4-4295-92D0-9052783DAA42}.CD_ROM|Any CPU.ActiveCfg = Release|Any CPU
		{81F55EE4-A0C4-4295-92D0-9052783DAA42}.CD_ROM|Any CPU.Build.0 = Release|Any CPU
		{81F55EE4-A0C4-4295-92D0-9052783DAA42}.CD_ROM|Mixed Platforms.ActiveCfg = Release|Any CPU
		{81F55EE4-A0C4-4295-92D0-9052783DAA42}.CD_ROM|Mixed Platforms.Build.0 = Release|Any CPU
		{81F55EE4-A0C4-4295-92D0-9052783DAA42}.CD_ROM|x86.ActiveCfg = Release|Any CPU
		{81F55EE4-A0C4-4295-92D0-9052783DAA42}.Debug|Any CPU.ActiveCfg = Debug|Any CPU
		{81F55EE4-A0C4-4295-92D0-9052783DAA42}.Debug|Any CPU.Build.0 = Debug|Any CPU
		{81F55EE4-A0C4-4295-92D0-9052783DAA42}.Debug|Mixed Platforms.ActiveCfg = Debug|Any CPU
		{81F55EE4-A0C4-4295-92D0-9052783DAA42}.Debug|Mixed Platforms.Build.0 = Debug|Any CPU
		{81F55EE4-A0C4-4295-92D0-9052783DAA42}.Debug|x86.ActiveCfg = Debug|Any CPU
		{81F55EE4-A0C4-4295-92D0-9052783DAA42}.DVD-5|Any CPU.ActiveCfg = Debug|Any CPU
		{81F55EE4-A0C4-4295-92D0-9052783DAA42}.DVD-5|Any CPU.Build.0 = Debug|Any CPU
		{81F55EE4-A0C4-4295-92D0-9052783DAA42}.DVD-5|Mixed Platforms.ActiveCfg = Debug|Any CPU
		{81F55EE4-A0C4-4295-92D0-9052783DAA42}.DVD-5|Mixed Platforms.Build.0 = Debug|Any CPU
		{81F55EE4-A0C4-4295-92D0-9052783DAA42}.DVD-5|x86.ActiveCfg = Debug|Any CPU
		{81F55EE4-A0C4-4295-92D0-9052783DAA42}.Release|Any CPU.ActiveCfg = Release|Any CPU
		{81F55EE4-A0C4-4295-92D0-9052783DAA42}.Release|Any CPU.Build.0 = Release|Any CPU
		{81F55EE4-A0C4-4295-92D0-9052783DAA42}.Release|Mixed Platforms.ActiveCfg = Release|Any CPU
		{81F55EE4-A0C4-4295-92D0-9052783DAA42}.Release|Mixed Platforms.Build.0 = Release|Any CPU
		{81F55EE4-A0C4-4295-92D0-9052783DAA42}.Release|x86.ActiveCfg = Release|Any CPU
		{81F55EE4-A0C4-4295-92D0-9052783DAA42}.SingleImage|Any CPU.ActiveCfg = Release|Any CPU
		{81F55EE4-A0C4-4295-92D0-9052783DAA42}.SingleImage|Any CPU.Build.0 = Release|Any CPU
		{81F55EE4-A0C4-4295-92D0-9052783DAA42}.SingleImage|Mixed Platforms.ActiveCfg = Release|Any CPU
		{81F55EE4-A0C4-4295-92D0-9052783DAA42}.SingleImage|Mixed Platforms.Build.0 = Release|Any CPU
		{81F55EE4-A0C4-4295-92D0-9052783DAA42}.SingleImage|x86.ActiveCfg = Release|Any CPU
	EndGlobalSection
	GlobalSection(SolutionProperties) = preSolution
		HideSolutionNode = FALSE
	EndGlobalSection
	GlobalSection(ExtensibilityGlobals) = postSolution
		EnterpriseLibraryConfigurationToolBinariesPathV6 = packages\EnterpriseLibrary.Common.6.0.1304.0\lib\NET45;packages\EnterpriseLibrary.Validation.6.0.1304.0\lib\NET45
	EndGlobalSection
EndGlobal
